// !$*UTF8*$!
{
	archiveVersion = 1;
	classes = {
	};
	objectVersion = 46;
	objects = {

/* Begin PBXBuildFile section */
		1C3815A61C936A080014619B /* AppDelegate.swift in Sources */ = {isa = PBXBuildFile; fileRef = 1C3815A51C936A080014619B /* AppDelegate.swift */; };
		1C3815A81C936A080014619B /* ViewController.swift in Sources */ = {isa = PBXBuildFile; fileRef = 1C3815A71C936A080014619B /* ViewController.swift */; };
		1C3815AB1C936A080014619B /* Main.storyboard in Resources */ = {isa = PBXBuildFile; fileRef = 1C3815A91C936A080014619B /* Main.storyboard */; };
		1C3815AD1C936A080014619B /* Assets.xcassets in Resources */ = {isa = PBXBuildFile; fileRef = 1C3815AC1C936A080014619B /* Assets.xcassets */; };
		1C3815B01C936A080014619B /* LaunchScreen.storyboard in Resources */ = {isa = PBXBuildFile; fileRef = 1C3815AE1C936A080014619B /* LaunchScreen.storyboard */; };
		1C3815BB1C936A080014619B /* BullsEyeTests.swift in Sources */ = {isa = PBXBuildFile; fileRef = 1C3815BA1C936A080014619B /* BullsEyeTests.swift */; };
		1C3815C61C936A080014619B /* BullsEyeUITests.swift in Sources */ = {isa = PBXBuildFile; fileRef = 1C3815C51C936A080014619B /* BullsEyeUITests.swift */; };
/* End PBXBuildFile section */

/* Begin PBXContainerItemProxy section */
		1C3815B71C936A080014619B /* PBXContainerItemProxy */ = {
			isa = PBXContainerItemProxy;
			containerPortal = 1C38159A1C936A080014619B /* Project object */;
			proxyType = 1;
			remoteGlobalIDString = 1C3815A11C936A080014619B;
			remoteInfo = BullsEye;
		};
		1C3815C21C936A080014619B /* PBXContainerItemProxy */ = {
			isa = PBXContainerItemProxy;
			containerPortal = 1C38159A1C936A080014619B /* Project object */;
			proxyType = 1;
			remoteGlobalIDString = 1C3815A11C936A080014619B;
			remoteInfo = BullsEye;
		};
/* End PBXContainerItemProxy section */

/* Begin PBXFileReference section */
		1C3815A21C936A080014619B /* BullsEye.app */ = {isa = PBXFileReference; explicitFileType = wrapper.application; includeInIndex = 0; path = BullsEye.app; sourceTree = BUILT_PRODUCTS_DIR; };
		1C3815A51C936A080014619B /* AppDelegate.swift */ = {isa = PBXFileReference; lastKnownFileType = sourcecode.swift; path = AppDelegate.swift; sourceTree = "<group>"; };
		1C3815A71C936A080014619B /* ViewController.swift */ = {isa = PBXFileReference; lastKnownFileType = sourcecode.swift; path = ViewController.swift; sourceTree = "<group>"; };
		1C3815AA1C936A080014619B /* Base */ = {isa = PBXFileReference; lastKnownFileType = file.storyboard; name = Base; path = Base.lproj/Main.storyboard; sourceTree = "<group>"; };
		1C3815AC1C936A080014619B /* Assets.xcassets */ = {isa = PBXFileReference; lastKnownFileType = folder.assetcatalog; path = Assets.xcassets; sourceTree = "<group>"; };
		1C3815AF1C936A080014619B /* Base */ = {isa = PBXFileReference; lastKnownFileType = file.storyboard; name = Base; path = Base.lproj/LaunchScreen.storyboard; sourceTree = "<group>"; };
		1C3815B11C936A080014619B /* Info.plist */ = {isa = PBXFileReference; lastKnownFileType = text.plist.xml; path = Info.plist; sourceTree = "<group>"; };
		1C3815B61C936A080014619B /* BullsEyeTests.xctest */ = {isa = PBXFileReference; explicitFileType = wrapper.cfbundle; includeInIndex = 0; path = BullsEyeTests.xctest; sourceTree = BUILT_PRODUCTS_DIR; };
		1C3815BA1C936A080014619B /* BullsEyeTests.swift */ = {isa = PBXFileReference; lastKnownFileType = sourcecode.swift; path = BullsEyeTests.swift; sourceTree = "<group>"; };
		1C3815BC1C936A080014619B /* Info.plist */ = {isa = PBXFileReference; lastKnownFileType = text.plist.xml; path = Info.plist; sourceTree = "<group>"; };
		1C3815C11C936A080014619B /* BullsEyeUITests.xctest */ = {isa = PBXFileReference; explicitFileType = wrapper.cfbundle; includeInIndex = 0; path = BullsEyeUITests.xctest; sourceTree = BUILT_PRODUCTS_DIR; };
		1C3815C51C936A080014619B /* BullsEyeUITests.swift */ = {isa = PBXFileReference; lastKnownFileType = sourcecode.swift; path = BullsEyeUITests.swift; sourceTree = "<group>"; };
		1C3815C71C936A080014619B /* Info.plist */ = {isa = PBXFileReference; lastKnownFileType = text.plist.xml; path = Info.plist; sourceTree = "<group>"; };
/* End PBXFileReference section */

/* Begin PBXFrameworksBuildPhase section */
		1C38159F1C936A080014619B /* Frameworks */ = {
			isa = PBXFrameworksBuildPhase;
			buildActionMask = 2147483647;
			files = (
			);
			runOnlyForDeploymentPostprocessing = 0;
		};
		1C3815B31C936A080014619B /* Frameworks */ = {
			isa = PBXFrameworksBuildPhase;
			buildActionMask = 2147483647;
			files = (
			);
			runOnlyForDeploymentPostprocessing = 0;
		};
		1C3815BE1C936A080014619B /* Frameworks */ = {
			isa = PBXFrameworksBuildPhase;
			buildActionMask = 2147483647;
			files = (
			);
			runOnlyForDeploymentPostprocessing = 0;
		};
/* End PBXFrameworksBuildPhase section */

/* Begin PBXGroup section */
		1C3815991C936A080014619B = {
			isa = PBXGroup;
			children = (
				1C3815A41C936A080014619B /* BullsEye */,
				1C3815B91C936A080014619B /* BullsEyeTests */,
				1C3815C41C936A080014619B /* BullsEyeUITests */,
				1C3815A31C936A080014619B /* Products */,
			);
			sourceTree = "<group>";
		};
		1C3815A31C936A080014619B /* Products */ = {
			isa = PBXGroup;
			children = (
				1C3815A21C936A080014619B /* BullsEye.app */,
				1C3815B61C936A080014619B /* BullsEyeTests.xctest */,
				1C3815C11C936A080014619B /* BullsEyeUITests.xctest */,
			);
			name = Products;
			sourceTree = "<group>";
		};
		1C3815A41C936A080014619B /* BullsEye */ = {
			isa = PBXGroup;
			children = (
				1C3815A51C936A080014619B /* AppDelegate.swift */,
				1C3815A71C936A080014619B /* ViewController.swift */,
				1C3815A91C936A080014619B /* Main.storyboard */,
				1C3815AC1C936A080014619B /* Assets.xcassets */,
				1C3815AE1C936A080014619B /* LaunchScreen.storyboard */,
				1C3815B11C936A080014619B /* Info.plist */,
			);
			path = BullsEye;
			sourceTree = "<group>";
		};
		1C3815B91C936A080014619B /* BullsEyeTests */ = {
			isa = PBXGroup;
			children = (
				1C3815BA1C936A080014619B /* BullsEyeTests.swift */,
				1C3815BC1C936A080014619B /* Info.plist */,
			);
			path = BullsEyeTests;
			sourceTree = "<group>";
		};
		1C3815C41C936A080014619B /* BullsEyeUITests */ = {
			isa = PBXGroup;
			children = (
				1C3815C51C936A080014619B /* BullsEyeUITests.swift */,
				1C3815C71C936A080014619B /* Info.plist */,
			);
			path = BullsEyeUITests;
			sourceTree = "<group>";
		};
/* End PBXGroup section */

/* Begin PBXNativeTarget section */
		1C3815A11C936A080014619B /* BullsEye */ = {
			isa = PBXNativeTarget;
			buildConfigurationList = 1C3815CA1C936A080014619B /* Build configuration list for PBXNativeTarget "BullsEye" */;
			buildPhases = (
				1C38159E1C936A080014619B /* Sources */,
				1C38159F1C936A080014619B /* Frameworks */,
				1C3815A01C936A080014619B /* Resources */,
			);
			buildRules = (
			);
			dependencies = (
			);
			name = BullsEye;
			productName = BullsEye;
			productReference = 1C3815A21C936A080014619B /* BullsEye.app */;
			productType = "com.apple.product-type.application";
		};
		1C3815B51C936A080014619B /* BullsEyeTests */ = {
			isa = PBXNativeTarget;
			buildConfigurationList = 1C3815CD1C936A080014619B /* Build configuration list for PBXNativeTarget "BullsEyeTests" */;
			buildPhases = (
				1C3815B21C936A080014619B /* Sources */,
				1C3815B31C936A080014619B /* Frameworks */,
				1C3815B41C936A080014619B /* Resources */,
			);
			buildRules = (
			);
			dependencies = (
				1C3815B81C936A080014619B /* PBXTargetDependency */,
			);
			name = BullsEyeTests;
			productName = BullsEyeTests;
			productReference = 1C3815B61C936A080014619B /* BullsEyeTests.xctest */;
			productType = "com.apple.product-type.bundle.unit-test";
		};
		1C3815C01C936A080014619B /* BullsEyeUITests */ = {
			isa = PBXNativeTarget;
			buildConfigurationList = 1C3815D01C936A080014619B /* Build configuration list for PBXNativeTarget "BullsEyeUITests" */;
			buildPhases = (
				1C3815BD1C936A080014619B /* Sources */,
				1C3815BE1C936A080014619B /* Frameworks */,
				1C3815BF1C936A080014619B /* Resources */,
			);
			buildRules = (
			);
			dependencies = (
				1C3815C31C936A080014619B /* PBXTargetDependency */,
			);
			name = BullsEyeUITests;
			productName = BullsEyeUITests;
			productReference = 1C3815C11C936A080014619B /* BullsEyeUITests.xctest */;
			productType = "com.apple.product-type.bundle.ui-testing";
		};
/* End PBXNativeTarget section */

/* Begin PBXProject section */
		1C38159A1C936A080014619B /* Project object */ = {
			isa = PBXProject;
			attributes = {
				LastSwiftUpdateCheck = 0720;
				LastUpgradeCheck = 0720;
				ORGANIZATIONNAME = "Chad Leonard";
				TargetAttributes = {
					1C3815A11C936A080014619B = {
						CreatedOnToolsVersion = 7.2.1;
					};
					1C3815B51C936A080014619B = {
						CreatedOnToolsVersion = 7.2.1;
						TestTargetID = 1C3815A11C936A080014619B;
					};
					1C3815C01C936A080014619B = {
						CreatedOnToolsVersion = 7.2.1;
						TestTargetID = 1C3815A11C936A080014619B;
					};
				};
			};
			buildConfigurationList = 1C38159D1C936A080014619B /* Build configuration list for PBXProject "BullsEye" */;
			compatibilityVersion = "Xcode 3.2";
			developmentRegion = English;
			hasScannedForEncodings = 0;
			knownRegions = (
				en,
				Base,
			);
			mainGroup = 1C3815991C936A080014619B;
			productRefGroup = 1C3815A31C936A080014619B /* Products */;
			projectDirPath = "";
			projectRoot = "";
			targets = (
				1C3815A11C936A080014619B /* BullsEye */,
				1C3815B51C936A080014619B /* BullsEyeTests */,
				1C3815C01C936A080014619B /* BullsEyeUITests */,
			);
		};
/* End PBXProject section */

/* Begin PBXResourcesBuildPhase section */
		1C3815A01C936A080014619B /* Resources */ = {
			isa = PBXResourcesBuildPhase;
			buildActionMask = 2147483647;
			files = (
				1C3815B01C936A080014619B /* LaunchScreen.storyboard in Resources */,
				1C3815AD1C936A080014619B /* Assets.xcassets in Resources */,
				1C3815AB1C936A080014619B /* Main.storyboard in Resources */,
			);
			runOnlyForDeploymentPostprocessing = 0;
		};
		1C3815B41C936A080014619B /* Resources */ = {
			isa = PBXResourcesBuildPhase;
			buildActionMask = 2147483647;
			files = (
			);
			runOnlyForDeploymentPostprocessing = 0;
		};
		1C3815BF1C936A080014619B /* Resources */ = {
			isa = PBXResourcesBuildPhase;
			buildActionMask = 2147483647;
			files = (
			);
			runOnlyForDeploymentPostprocessing = 0;
		};
/* End PBXResourcesBuildPhase section */

/* Begin PBXSourcesBuildPhase section */
		1C38159E1C936A080014619B /* Sources */ = {
			isa = PBXSourcesBuildPhase;
			buildActionMask = 2147483647;
			files = (
				1C3815A81C936A080014619B /* ViewController.swift in Sources */,
				1C3815A61C936A080014619B /* AppDelegate.swift in Sources */,
			);
			runOnlyForDeploymentPostprocessing = 0;
		};
		1C3815B21C936A080014619B /* Sources */ = {
			isa = PBXSourcesBuildPhase;
			buildActionMask = 2147483647;
			files = (
				1C3815BB1C936A080014619B /* BullsEyeTests.swift in Sources */,
			);
			runOnlyForDeploymentPostprocessing = 0;
		};
		1C3815BD1C936A080014619B /* Sources */ = {
			isa = PBXSourcesBuildPhase;
			buildActionMask = 2147483647;
			files = (
				1C3815C61C936A080014619B /* BullsEyeUITests.swift in Sources */,
			);
			runOnlyForDeploymentPostprocessing = 0;
		};
/* End PBXSourcesBuildPhase section */

/* Begin PBXTargetDependency section */
		1C3815B81C936A080014619B /* PBXTargetDependency */ = {
			isa = PBXTargetDependency;
			target = 1C3815A11C936A080014619B /* BullsEye */;
			targetProxy = 1C3815B71C936A080014619B /* PBXContainerItemProxy */;
		};
		1C3815C31C936A080014619B /* PBXTargetDependency */ = {
			isa = PBXTargetDependency;
			target = 1C3815A11C936A080014619B /* BullsEye */;
			targetProxy = 1C3815C21C936A080014619B /* PBXContainerItemProxy */;
		};
/* End PBXTargetDependency section */

/* Begin PBXVariantGroup section */
		1C3815A91C936A080014619B /* Main.storyboard */ = {
			isa = PBXVariantGroup;
			children = (
				1C3815AA1C936A080014619B /* Base */,
			);
			name = Main.storyboard;
			sourceTree = "<group>";
		};
		1C3815AE1C936A080014619B /* LaunchScreen.storyboard */ = {
			isa = PBXVariantGroup;
			children = (
				1C3815AF1C936A080014619B /* Base */,
			);
			name = LaunchScreen.storyboard;
			sourceTree = "<group>";
		};
/* End PBXVariantGroup section */

/* Begin XCBuildConfiguration section */
		1C3815C81C936A080014619B /* Debug */ = {
			isa = XCBuildConfiguration;
			buildSettings = {
				ALWAYS_SEARCH_USER_PATHS = NO;
				CLANG_CXX_LANGUAGE_STANDARD = "gnu++0x";
				CLANG_CXX_LIBRARY = "libc++";
				CLANG_ENABLE_MODULES = YES;
				CLANG_ENABLE_OBJC_ARC = YES;
				CLANG_WARN_BOOL_CONVERSION = YES;
				CLANG_WARN_CONSTANT_CONVERSION = YES;
				CLANG_WARN_DIRECT_OBJC_ISA_USAGE = YES_ERROR;
				CLANG_WARN_EMPTY_BODY = YES;
				CLANG_WARN_ENUM_CONVERSION = YES;
				CLANG_WARN_INT_CONVERSION = YES;
				CLANG_WARN_OBJC_ROOT_CLASS = YES_ERROR;
				CLANG_WARN_UNREACHABLE_CODE = YES;
				CLANG_WARN__DUPLICATE_METHOD_MATCH = YES;
				"CODE_SIGN_IDENTITY[sdk=iphoneos*]" = "iPhone Developer";
				COPY_PHASE_STRIP = NO;
				DEBUG_INFORMATION_FORMAT = dwarf;
				ENABLE_STRICT_OBJC_MSGSEND = YES;
				ENABLE_TESTABILITY = YES;
				GCC_C_LANGUAGE_STANDARD = gnu99;
				GCC_DYNAMIC_NO_PIC = NO;
				GCC_NO_COMMON_BLOCKS = YES;
				GCC_OPTIMIZATION_LEVEL = 0;
				GCC_PREPROCESSOR_DEFINITIONS = (
					"DEBUG=1",
					"$(inherited)",
				);
				GCC_WARN_64_TO_32_BIT_CONVERSION = YES;
				GCC_WARN_ABOUT_RETURN_TYPE = YES_ERROR;
				GCC_WARN_UNDECLARED_SELECTOR = YES;
				GCC_WARN_UNINITIALIZED_AUTOS = YES_AGGRESSIVE;
				GCC_WARN_UNUSED_FUNCTION = YES;
				GCC_WARN_UNUSED_VARIABLE = YES;
				IPHONEOS_DEPLOYMENT_TARGET = 9.2;
				MTL_ENABLE_DEBUG_INFO = YES;
				ONLY_ACTIVE_ARCH = YES;
				SDKROOT = iphoneos;
				SWIFT_OPTIMIZATION_LEVEL = "-Onone";
			};
			name = Debug;
		};
		1C3815C91C936A080014619B /* Release */ = {
			isa = XCBuildConfiguration;
			buildSettings = {
				ALWAYS_SEARCH_USER_PATHS = NO;
				CLANG_CXX_LANGUAGE_STANDARD = "gnu++0x";
				CLANG_CXX_LIBRARY = "libc++";
				CLANG_ENABLE_MODULES = YES;
				CLANG_ENABLE_OBJC_ARC = YES;
				CLANG_WARN_BOOL_CONVERSION = YES;
				CLANG_WARN_CONSTANT_CONVERSION = YES;
				CLANG_WARN_DIRECT_OBJC_ISA_USAGE = YES_ERROR;
				CLANG_WARN_EMPTY_BODY = YES;
				CLANG_WARN_ENUM_CONVERSION = YES;
				CLANG_WARN_INT_CONVERSION = YES;
				CLANG_WARN_OBJC_ROOT_CLASS = YES_ERROR;
				CLANG_WARN_UNREACHABLE_CODE = YES;
				CLANG_WARN__DUPLICATE_METHOD_MATCH = YES;
				"CODE_SIGN_IDENTITY[sdk=iphoneos*]" = "iPhone Developer";
				COPY_PHASE_STRIP = NO;
				DEBUG_INFORMATION_FORMAT = "dwarf-with-dsym";
				ENABLE_NS_ASSERTIONS = NO;
				ENABLE_STRICT_OBJC_MSGSEND = YES;
				GCC_C_LANGUAGE_STANDARD = gnu99;
				GCC_NO_COMMON_BLOCKS = YES;
				GCC_WARN_64_TO_32_BIT_CONVERSION = YES;
				GCC_WARN_ABOUT_RETURN_TYPE = YES_ERROR;
				GCC_WARN_UNDECLARED_SELECTOR = YES;
				GCC_WARN_UNINITIALIZED_AUTOS = YES_AGGRESSIVE;
				GCC_WARN_UNUSED_FUNCTION = YES;
				GCC_WARN_UNUSED_VARIABLE = YES;
				IPHONEOS_DEPLOYMENT_TARGET = 9.2;
				MTL_ENABLE_DEBUG_INFO = NO;
				SDKROOT = iphoneos;
				VALIDATE_PRODUCT = YES;
			};
			name = Release;
		};
		1C3815CB1C936A080014619B /* Debug */ = {
			isa = XCBuildConfiguration;
			buildSettings = {
				ASSETCATALOG_COMPILER_APPICON_NAME = AppIcon;
				INFOPLIST_FILE = BullsEye/Info.plist;
				LD_RUNPATH_SEARCH_PATHS = "$(inherited) @executable_path/Frameworks";
				PRODUCT_BUNDLE_IDENTIFIER = Rowdy1.BullsEye;
				PRODUCT_NAME = "$(TARGET_NAME)";
			};
			name = Debug;
		};
		1C3815CC1C936A080014619B /* Release */ = {
			isa = XCBuildConfiguration;
			buildSettings = {
				ASSETCATALOG_COMPILER_APPICON_NAME = AppIcon;
				INFOPLIST_FILE = BullsEye/Info.plist;
				LD_RUNPATH_SEARCH_PATHS = "$(inherited) @executable_path/Frameworks";
				PRODUCT_BUNDLE_IDENTIFIER = Rowdy1.BullsEye;
				PRODUCT_NAME = "$(TARGET_NAME)";
			};
			name = Release;
		};
		1C3815CE1C936A080014619B /* Debug */ = {
			isa = XCBuildConfiguration;
			buildSettings = {
				BUNDLE_LOADER = "$(TEST_HOST)";
				INFOPLIST_FILE = BullsEyeTests/Info.plist;
				LD_RUNPATH_SEARCH_PATHS = "$(inherited) @executable_path/Frameworks @loader_path/Frameworks";
				PRODUCT_BUNDLE_IDENTIFIER = Rowdy1.BullsEyeTests;
				PRODUCT_NAME = "$(TARGET_NAME)";
				TEST_HOST = "$(BUILT_PRODUCTS_DIR)/BullsEye.app/BullsEye";
			};
			name = Debug;
		};
		1C3815CF1C936A080014619B /* Release */ = {
			isa = XCBuildConfiguration;
			buildSettings = {
				BUNDLE_LOADER = "$(TEST_HOST)";
				INFOPLIST_FILE = BullsEyeTests/Info.plist;
				LD_RUNPATH_SEARCH_PATHS = "$(inherited) @executable_path/Frameworks @loader_path/Frameworks";
				PRODUCT_BUNDLE_IDENTIFIER = Rowdy1.BullsEyeTests;
				PRODUCT_NAME = "$(TARGET_NAME)";
				TEST_HOST = "$(BUILT_PRODUCTS_DIR)/BullsEye.app/BullsEye";
			};
			name = Release;
		};
		1C3815D11C936A080014619B /* Debug */ = {
			isa = XCBuildConfiguration;
			buildSettings = {
				INFOPLIST_FILE = BullsEyeUITests/Info.plist;
				LD_RUNPATH_SEARCH_PATHS = "$(inherited) @executable_path/Frameworks @loader_path/Frameworks";
				PRODUCT_BUNDLE_IDENTIFIER = Rowdy1.BullsEyeUITests;
				PRODUCT_NAME = "$(TARGET_NAME)";
				TEST_TARGET_NAME = BullsEye;
				USES_XCTRUNNER = YES;
			};
			name = Debug;
		};
		1C3815D21C936A080014619B /* Release */ = {
			isa = XCBuildConfiguration;
			buildSettings = {
				INFOPLIST_FILE = BullsEyeUITests/Info.plist;
				LD_RUNPATH_SEARCH_PATHS = "$(inherited) @executable_path/Frameworks @loader_path/Frameworks";
				PRODUCT_BUNDLE_IDENTIFIER = Rowdy1.BullsEyeUITests;
				PRODUCT_NAME = "$(TARGET_NAME)";
				TEST_TARGET_NAME = BullsEye;
				USES_XCTRUNNER = YES;
			};
			name = Release;
		};
/* End XCBuildConfiguration section */

/* Begin XCConfigurationList section */
		1C38159D1C936A080014619B /* Build configuration list for PBXProject "BullsEye" */ = {
			isa = XCConfigurationList;
			buildConfigurations = (
				1C3815C81C936A080014619B /* Debug */,
				1C3815C91C936A080014619B /* Release */,
			);
			defaultConfigurationIsVisible = 0;
			defaultConfigurationName = Release;
		};
		1C3815CA1C936A080014619B /* Build configuration list for PBXNativeTarget "BullsEye" */ = {
			isa = XCConfigurationList;
			buildConfigurations = (
				1C3815CB1C936A080014619B /* Debug */,
				1C3815CC1C936A080014619B /* Release */,
			);
			defaultConfigurationIsVisible = 0;
		};
		1C3815CD1C936A080014619B /* Build configuration list for PBXNativeTarget "BullsEyeTests" */ = {
			isa = XCConfigurationList;
			buildConfigurations = (
				1C3815CE1C936A080014619B /* Debug */,
				1C3815CF1C936A080014619B /* Release */,
			);
			defaultConfigurationIsVisible = 0;
		};
		1C3815D01C936A080014619B /* Build configuration list for PBXNativeTarget "BullsEyeUITests" */ = {
			isa = XCConfigurationList;
			buildConfigurations = (
				1C3815D11C936A080014619B /* Debug */,
				1C3815D21C936A080014619B /* Release */,
			);
			defaultConfigurationIsVisible = 0;
		};
/* End XCConfigurationList section */
	};
	rootObject = 1C38159A1C936A080014619B /* Project object */;
}
